{
    "requires": true,
    "lockfileVersion": 1,
    "dependencies": {
        "bignumber.js": {
            "version": "1.0.1",
            "resolved": "https://registry.npmjs.org/bignumber.js/-/bignumber.js-1.0.1.tgz",
            "integrity": "sha1-DpU4loI7eD1I6pIYhNP9kLib3LE="
        },
        "core-util-is": {
            "version": "1.0.2",
            "resolved": "https://registry.npmjs.org/core-util-is/-/core-util-is-1.0.2.tgz",
            "integrity": "sha1-tf1UIgqivFq1eqtxQMlAdUUDwac="
        },
        "inherits": {
            "version": "2.0.4",
            "resolved": "https://registry.npmjs.org/inherits/-/inherits-2.0.4.tgz",
            "integrity": "sha512-k/vGaX4/Yla3WzyMCvTQOXYeIHvqOKtnqBduzTHpzpQZzAskKMhZ2K+EnBiSM9zGSoIFeMpXKxa4dYeZIQqewQ=="
        },
        "isarray": {
            "version": "0.0.1",
            "resolved": "https://registry.npmjs.org/isarray/-/isarray-0.0.1.tgz",
            "integrity": "sha1-ihis/Kmo9Bd+Cav8YDiTmwXR7t8="
        },
        "mysql": {
            "version": "2.0.1",
            "resolved": "https://registry.npmjs.org/mysql/-/mysql-2.0.1.tgz",
            "integrity": "sha1-jYSUiO4XbTTjHWIA1mxH9t6k3RY=",
            "requires": {
                "bignumber.js": "1.0.1",
                "readable-stream": "~1.1.9",
                "require-all": "0.0.3"
            }
        },
        "mysql-wrapper": {
            "version": "0.1.1",
            "resolved": "https://registry.npmjs.org/mysql-wrapper/-/mysql-wrapper-0.1.1.tgz",
            "integrity": "sha1-9AzgIL5y93B/ackZShJw0oymGIA=",
            "requires": {
                "mysql": "~2.0.0-alpha8",
                "typo": "~0.1.11"
            }
        },
        "readable-stream": {
            "version": "1.1.14",
            "resolved": "https://registry.npmjs.org/readable-stream/-/readable-stream-1.1.14.tgz",
            "integrity": "sha1-fPTFTvZI44EwhMY23SB54WbAgdk=",
            "requires": {
                "core-util-is": "~1.0.0",
                "inherits": "~2.0.1",
                "isarray": "0.0.1",
                "string_decoder": "~0.10.x"
            }
        },
        "require-all": {
            "version": "0.0.3",
            "resolved": "https://registry.npmjs.org/require-all/-/require-all-0.0.3.tgz",
            "integrity": "sha1-BR4ZIkbADTmb/mFkvE6BC8WI4Bo="
        },
        "string_decoder": {
            "version": "0.10.31",
            "resolved": "https://registry.npmjs.org/string_decoder/-/string_decoder-0.10.31.tgz",
            "integrity": "sha1-YuIDvEF2bGwoyfyEMB2rHFMQ+pQ="
        },
        "typo": {
            "version": "0.1.14",
            "resolved": "https://registry.npmjs.org/typo/-/typo-0.1.14.tgz",
            "integrity": "sha1-li3E6vmFNVwRqU74kWWBJBiPHRY="
        }
    }
}
